
Microsoft Visual Studio Solution File, Format Version 12.00
# Visual Studio 15
VisualStudioVersion = 15.0.26124.0
MinimumVisualStudioVersion = 15.0.26124.0
Project("{FAE04EC0-301F-11D3-BF4B-00C04F79EFBC}") = "Domain", "Domain\Domain.csproj", "{16099125-A8D7-450F-AAA3-29669DDE5796}"
EndProject
Project("{FAE04EC0-301F-11D3-BF4B-00C04F79EFBC}") = "Application", "Application\Application.csproj", "{FD5E7449-4088-47B3-A510-3FF3D033660F}"
EndProject
Project("{FAE04EC0-301F-11D3-BF4B-00C04F79EFBC}") = "Persistence", "Persistence\Persistence.csproj", "{C30B125A-8247-4ECA-9CBE-A453ECBF5549}"
EndProject
Project("{FAE04EC0-301F-11D3-BF4B-00C04F79EFBC}") = "API", "API\API.csproj", "{C16AFCBD-DFE0-4BF8-B09B-311E649B88CF}"
EndProject
Global
	GlobalSection(SolutionConfigurationPlatforms) = preSolution
		Debug|Any CPU = Debug|Any CPU
		Debug|x64 = Debug|x64
		Debug|x86 = Debug|x86
		Release|Any CPU = Release|Any CPU
		Release|x64 = Release|x64
		Release|x86 = Release|x86
	EndGlobalSection
	GlobalSection(SolutionProperties) = preSolution
		HideSolutionNode = FALSE
	EndGlobalSection
	GlobalSection(ProjectConfigurationPlatforms) = postSolution
		{16099125-A8D7-450F-AAA3-29669DDE5796}.Debug|Any CPU.ActiveCfg = Debug|Any CPU
		{16099125-A8D7-450F-AAA3-29669DDE5796}.Debug|Any CPU.Build.0 = Debug|Any CPU
		{16099125-A8D7-450F-AAA3-29669DDE5796}.Debug|x64.ActiveCfg = Debug|Any CPU
		{16099125-A8D7-450F-AAA3-29669DDE5796}.Debug|x64.Build.0 = Debug|Any CPU
		{16099125-A8D7-450F-AAA3-29669DDE5796}.Debug|x86.ActiveCfg = Debug|Any CPU
		{16099125-A8D7-450F-AAA3-29669DDE5796}.Debug|x86.Build.0 = Debug|Any CPU
		{16099125-A8D7-450F-AAA3-29669DDE5796}.Release|Any CPU.ActiveCfg = Release|Any CPU
		{16099125-A8D7-450F-AAA3-29669DDE5796}.Release|Any CPU.Build.0 = Release|Any CPU
		{16099125-A8D7-450F-AAA3-29669DDE5796}.Release|x64.ActiveCfg = Release|Any CPU
		{16099125-A8D7-450F-AAA3-29669DDE5796}.Release|x64.Build.0 = Release|Any CPU
		{16099125-A8D7-450F-AAA3-29669DDE5796}.Release|x86.ActiveCfg = Release|Any CPU
		{16099125-A8D7-450F-AAA3-29669DDE5796}.Release|x86.Build.0 = Release|Any CPU
		{FD5E7449-4088-47B3-A510-3FF3D033660F}.Debug|Any CPU.ActiveCfg = Debug|Any CPU
		{FD5E7449-4088-47B3-A510-3FF3D033660F}.Debug|Any CPU.Build.0 = Debug|Any CPU
		{FD5E7449-4088-47B3-A510-3FF3D033660F}.Debug|x64.ActiveCfg = Debug|Any CPU
		{FD5E7449-4088-47B3-A510-3FF3D033660F}.Debug|x64.Build.0 = Debug|Any CPU
		{FD5E7449-4088-47B3-A510-3FF3D033660F}.Debug|x86.ActiveCfg = Debug|Any CPU
		{FD5E7449-4088-47B3-A510-3FF3D033660F}.Debug|x86.Build.0 = Debug|Any CPU
		{FD5E7449-4088-47B3-A510-3FF3D033660F}.Release|Any CPU.ActiveCfg = Release|Any CPU
		{FD5E7449-4088-47B3-A510-3FF3D033660F}.Release|Any CPU.Build.0 = Release|Any CPU
		{FD5E7449-4088-47B3-A510-3FF3D033660F}.Release|x64.ActiveCfg = Release|Any CPU
		{FD5E7449-4088-47B3-A510-3FF3D033660F}.Release|x64.Build.0 = Release|Any CPU
		{FD5E7449-4088-47B3-A510-3FF3D033660F}.Release|x86.ActiveCfg = Release|Any CPU
		{FD5E7449-4088-47B3-A510-3FF3D033660F}.Release|x86.Build.0 = Release|Any CPU
		{C30B125A-8247-4ECA-9CBE-A453ECBF5549}.Debug|Any CPU.ActiveCfg = Debug|Any CPU
		{C30B125A-8247-4ECA-9CBE-A453ECBF5549}.Debug|Any CPU.Build.0 = Debug|Any CPU
		{C30B125A-8247-4ECA-9CBE-A453ECBF5549}.Debug|x64.ActiveCfg = Debug|Any CPU
		{C30B125A-8247-4ECA-9CBE-A453ECBF5549}.Debug|x64.Build.0 = Debug|Any CPU
		{C30B125A-8247-4ECA-9CBE-A453ECBF5549}.Debug|x86.ActiveCfg = Debug|Any CPU
		{C30B125A-8247-4ECA-9CBE-A453ECBF5549}.Debug|x86.Build.0 = Debug|Any CPU
		{C30B125A-8247-4ECA-9CBE-A453ECBF5549}.Release|Any CPU.ActiveCfg = Release|Any CPU
		{C30B125A-8247-4ECA-9CBE-A453ECBF5549}.Release|Any CPU.Build.0 = Release|Any CPU
		{C30B125A-8247-4ECA-9CBE-A453ECBF5549}.Release|x64.ActiveCfg = Release|Any CPU
		{C30B125A-8247-4ECA-9CBE-A453ECBF5549}.Release|x64.Build.0 = Release|Any CPU
		{C30B125A-8247-4ECA-9CBE-A453ECBF5549}.Release|x86.ActiveCfg = Release|Any CPU
		{C30B125A-8247-4ECA-9CBE-A453ECBF5549}.Release|x86.Build.0 = Release|Any CPU
		{C16AFCBD-DFE0-4BF8-B09B-311E649B88CF}.Debug|Any CPU.ActiveCfg = Debug|Any CPU
		{C16AFCBD-DFE0-4BF8-B09B-311E649B88CF}.Debug|Any CPU.Build.0 = Debug|Any CPU
		{C16AFCBD-DFE0-4BF8-B09B-311E649B88CF}.Debug|x64.ActiveCfg = Debug|Any CPU
		{C16AFCBD-DFE0-4BF8-B09B-311E649B88CF}.Debug|x64.Build.0 = Debug|Any CPU
		{C16AFCBD-DFE0-4BF8-B09B-311E649B88CF}.Debug|x86.ActiveCfg = Debug|Any CPU
		{C16AFCBD-DFE0-4BF8-B09B-311E649B88CF}.Debug|x86.Build.0 = Debug|Any CPU
		{C16AFCBD-DFE0-4BF8-B09B-311E649B88CF}.Release|Any CPU.ActiveCfg = Release|Any CPU
		{C16AFCBD-DFE0-4BF8-B09B-311E649B88CF}.Release|Any CPU.Build.0 = Release|Any CPU
		{C16AFCBD-DFE0-4BF8-B09B-311E649B88CF}.Release|x64.ActiveCfg = Release|Any CPU
		{C16AFCBD-DFE0-4BF8-B09B-311E649B88CF}.Release|x64.Build.0 = Release|Any CPU
		{C16AFCBD-DFE0-4BF8-B09B-311E649B88CF}.Release|x86.ActiveCfg = Release|Any CPU
		{C16AFCBD-DFE0-4BF8-B09B-311E649B88CF}.Release|x86.Build.0 = Release|Any CPU
	EndGlobalSection
EndGlobal
